# This file is automatically @generated by Poetry 1.5.0 and should not be changed by hand.

[[package]]
name = "ansicon"
version = "1.89.0"
description = "Python wrapper for loading Jason Hood's ANSICON"
optional = false
python-versions = "*"
files = [
    {file = "ansicon-1.89.0-py2.py3-none-any.whl", hash = "sha256:f1def52d17f65c2c9682cf8370c03f541f410c1752d6a14029f97318e4b9dfec"},
    {file = "ansicon-1.89.0.tar.gz", hash = "sha256:e4d039def5768a47e4afec8e89e83ec3ae5a26bf00ad851f914d1240b444d2b1"},
]

[[package]]
name = "blessed"
version = "1.20.0"
description = "Easy, practical library for making terminal apps, by providing an elegant, well-documented interface to Colors, Keyboard input, and screen Positioning capabilities."
optional = false
python-versions = ">=2.7"
files = [
    {file = "blessed-1.20.0-py2.py3-none-any.whl", hash = "sha256:0c542922586a265e699188e52d5f5ac5ec0dd517e5a1041d90d2bbf23f906058"},
    {file = "blessed-1.20.0.tar.gz", hash = "sha256:2cdd67f8746e048f00df47a2880f4d6acbcdb399031b604e34ba8f71d5787680"},
]

[package.dependencies]
jinxed = {version = ">=1.1.0", markers = "platform_system == \"Windows\""}
six = ">=1.9.0"
wcwidth = ">=0.1.4"

[[package]]
name = "codefind"
version = "0.1.3"
description = "Find code objects and their referents"
optional = false
python-versions = ">=3.8,<4.0"
files = [
    {file = "codefind-0.1.3-py3-none-any.whl", hash = "sha256:3ffe85b74595b5c9f82391a11171ce7d68f1f555485720ab922f3b86f9bf30ec"},
    {file = "codefind-0.1.3.tar.gz", hash = "sha256:5667050361bf601a253031b2437d16b7d82cb0fa0e756d93e548c7b35ce6f910"},
]

[[package]]
name = "colorama"
version = "0.4.6"
description = "Cross-platform colored terminal text."
optional = false
python-versions = "!=3.0.*,!=3.1.*,!=3.2.*,!=3.3.*,!=3.4.*,!=3.5.*,!=3.6.*,>=2.7"
files = [
    {file = "colorama-0.4.6-py2.py3-none-any.whl", hash = "sha256:4f1d9991f5acc0ca119f9d443620b77f9d6b33703e51011c16baf57afb285fc6"},
    {file = "colorama-0.4.6.tar.gz", hash = "sha256:08695f5cb7ed6e0531a20572697297273c47b8cae5a63ffc6d6ed5c201be6e44"},
]

[[package]]
name = "exceptiongroup"
version = "1.2.0"
description = "Backport of PEP 654 (exception groups)"
optional = false
python-versions = ">=3.7"
files = [
    {file = "exceptiongroup-1.2.0-py3-none-any.whl", hash = "sha256:4bfd3996ac73b41e9b9628b04e079f193850720ea5945fc96a08633c66912f14"},
    {file = "exceptiongroup-1.2.0.tar.gz", hash = "sha256:91f5c769735f051a4290d52edd0858999b57e5876e9f85937691bd4c9fa3ed68"},
]

[package.extras]
test = ["pytest (>=6)"]

[[package]]
name = "iniconfig"
version = "2.0.0"
description = "brain-dead simple config-ini parsing"
optional = false
python-versions = ">=3.7"
files = [
    {file = "iniconfig-2.0.0-py3-none-any.whl", hash = "sha256:b6a85871a79d2e3b22d2d1b94ac2824226a63c6b741c88f7ae975f18b6778374"},
    {file = "iniconfig-2.0.0.tar.gz", hash = "sha256:2d91e135bf72d31a410b17c16da610a82cb55f6b0477d1a902134b24a455b8b3"},
]

[[package]]
name = "jinxed"
version = "1.2.1"
description = "Jinxed Terminal Library"
optional = false
python-versions = "*"
files = [
    {file = "jinxed-1.2.1-py2.py3-none-any.whl", hash = "sha256:37422659c4925969c66148c5e64979f553386a4226b9484d910d3094ced37d30"},
    {file = "jinxed-1.2.1.tar.gz", hash = "sha256:30c3f861b73279fea1ed928cfd4dfb1f273e16cd62c8a32acfac362da0f78f3f"},
]

[package.dependencies]
ansicon = {version = "*", markers = "platform_system == \"Windows\""}

[[package]]
name = "jurigged"
version = "0.5.7"
description = "Live update of Python functions"
optional = false
python-versions = ">=3.8,<4.0"
files = [
    {file = "jurigged-0.5.7-py3-none-any.whl", hash = "sha256:0a13a27bd6bffe71a50aecf75f29577c6de40ed8ef94fb6977f495b8c2071514"},
    {file = "jurigged-0.5.7.tar.gz", hash = "sha256:3afbb05f51f48a83e0f426fb0ea9cb44c3afefd6c49d11a783f6985576dd18db"},
]

[package.dependencies]
blessed = ">=1.17.12,<2.0.0"
codefind = ">=0.1.3,<0.2.0"
ovld = ">=0.3.1,<0.4.0"
watchdog = ">=1.0.2"

[package.extras]
develoop = ["giving (>=0.4.1,<0.5.0)", "rich (>=10.13.0)"]

[[package]]
name = "mypy"
version = "0.982"
description = "Optional static typing for Python"
optional = false
python-versions = ">=3.7"
files = [
    {file = "mypy-0.982-cp310-cp310-macosx_10_9_universal2.whl", hash = "sha256:5085e6f442003fa915aeb0a46d4da58128da69325d8213b4b35cc7054090aed5"},
    {file = "mypy-0.982-cp310-cp310-macosx_10_9_x86_64.whl", hash = "sha256:41fd1cf9bc0e1c19b9af13a6580ccb66c381a5ee2cf63ee5ebab747a4badeba3"},
    {file = "mypy-0.982-cp310-cp310-macosx_11_0_arm64.whl", hash = "sha256:f793e3dd95e166b66d50e7b63e69e58e88643d80a3dcc3bcd81368e0478b089c"},
    {file = "mypy-0.982-cp310-cp310-manylinux_2_17_x86_64.manylinux2014_x86_64.whl", hash = "sha256:86ebe67adf4d021b28c3f547da6aa2cce660b57f0432617af2cca932d4d378a6"},
    {file = "mypy-0.982-cp310-cp310-musllinux_1_1_x86_64.whl", hash = "sha256:175f292f649a3af7082fe36620369ffc4661a71005aa9f8297ea473df5772046"},
    {file = "mypy-0.982-cp310-cp310-win_amd64.whl", hash = "sha256:8ee8c2472e96beb1045e9081de8e92f295b89ac10c4109afdf3a23ad6e644f3e"},
    {file = "mypy-0.982-cp37-cp37m-macosx_10_9_x86_64.whl", hash = "sha256:58f27ebafe726a8e5ccb58d896451dd9a662a511a3188ff6a8a6a919142ecc20"},
    {file = "mypy-0.982-cp37-cp37m-manylinux_2_17_x86_64.manylinux2014_x86_64.whl", hash = "sha256:d6af646bd46f10d53834a8e8983e130e47d8ab2d4b7a97363e35b24e1d588947"},
    {file = "mypy-0.982-cp37-cp37m-musllinux_1_1_x86_64.whl", hash = "sha256:e7aeaa763c7ab86d5b66ff27f68493d672e44c8099af636d433a7f3fa5596d40"},
    {file = "mypy-0.982-cp37-cp37m-win_amd64.whl", hash = "sha256:724d36be56444f569c20a629d1d4ee0cb0ad666078d59bb84f8f887952511ca1"},
    {file = "mypy-0.982-cp38-cp38-macosx_10_9_universal2.whl", hash = "sha256:14d53cdd4cf93765aa747a7399f0961a365bcddf7855d9cef6306fa41de01c24"},
    {file = "mypy-0.982-cp38-cp38-macosx_10_9_x86_64.whl", hash = "sha256:26ae64555d480ad4b32a267d10cab7aec92ff44de35a7cd95b2b7cb8e64ebe3e"},
    {file = "mypy-0.982-cp38-cp38-macosx_11_0_arm64.whl", hash = "sha256:6389af3e204975d6658de4fb8ac16f58c14e1bacc6142fee86d1b5b26aa52bda"},
    {file = "mypy-0.982-cp38-cp38-manylinux_2_17_x86_64.manylinux2014_x86_64.whl", hash = "sha256:7b35ce03a289480d6544aac85fa3674f493f323d80ea7226410ed065cd46f206"},
    {file = "mypy-0.982-cp38-cp38-musllinux_1_1_x86_64.whl", hash = "sha256:c6e564f035d25c99fd2b863e13049744d96bd1947e3d3d2f16f5828864506763"},
    {file = "mypy-0.982-cp38-cp38-win_amd64.whl", hash = "sha256:cebca7fd333f90b61b3ef7f217ff75ce2e287482206ef4a8b18f32b49927b1a2"},
    {file = "mypy-0.982-cp39-cp39-macosx_10_9_universal2.whl", hash = "sha256:a705a93670c8b74769496280d2fe6cd59961506c64f329bb179970ff1d24f9f8"},
    {file = "mypy-0.982-cp39-cp39-macosx_10_9_x86_64.whl", hash = "sha256:75838c649290d83a2b83a88288c1eb60fe7a05b36d46cbea9d22efc790002146"},
    {file = "mypy-0.982-cp39-cp39-macosx_11_0_arm64.whl", hash = "sha256:91781eff1f3f2607519c8b0e8518aad8498af1419e8442d5d0afb108059881fc"},
    {file = "mypy-0.982-cp39-cp39-manylinux_2_17_x86_64.manylinux2014_x86_64.whl", hash = "sha256:eaa97b9ddd1dd9901a22a879491dbb951b5dec75c3b90032e2baa7336777363b"},
    {file = "mypy-0.982-cp39-cp39-musllinux_1_1_x86_64.whl", hash = "sha256:a692a8e7d07abe5f4b2dd32d731812a0175626a90a223d4b58f10f458747dd8a"},
    {file = "mypy-0.982-cp39-cp39-win_amd64.whl", hash = "sha256:eb7a068e503be3543c4bd329c994103874fa543c1727ba5288393c21d912d795"},
    {file = "mypy-0.982-py3-none-any.whl", hash = "sha256:1021c241e8b6e1ca5a47e4d52601274ac078a89845cfde66c6d5f769819ffa1d"},
    {file = "mypy-0.982.tar.gz", hash = "sha256:85f7a343542dc8b1ed0a888cdd34dca56462654ef23aa673907305b260b3d746"},
]

[package.dependencies]
mypy-extensions = ">=0.4.3"
tomli = {version = ">=1.1.0", markers = "python_version < \"3.11\""}
typing-extensions = ">=3.10"

[package.extras]
dmypy = ["psutil (>=4.0)"]
python2 = ["typed-ast (>=1.4.0,<2)"]
reports = ["lxml"]

[[package]]
name = "mypy-extensions"
version = "1.0.0"
description = "Type system extensions for programs checked with the mypy type checker."
optional = false
python-versions = ">=3.5"
files = [
    {file = "mypy_extensions-1.0.0-py3-none-any.whl", hash = "sha256:4392f6c0eb8a5668a69e23d168ffa70f0be9ccfd32b5cc2d26a34ae5b844552d"},
    {file = "mypy_extensions-1.0.0.tar.gz", hash = "sha256:75dbf8955dc00442a438fc4d0666508a9a97b6bd41aa2f0ffe9d2f2725af0782"},
]

[[package]]
name = "ordered-set"
version = "4.1.0"
description = "An OrderedSet is a custom MutableSet that remembers its order, so that every"
optional = false
python-versions = ">=3.7"
files = [
    {file = "ordered-set-4.1.0.tar.gz", hash = "sha256:694a8e44c87657c59292ede72891eb91d34131f6531463aab3009191c77364a8"},
    {file = "ordered_set-4.1.0-py3-none-any.whl", hash = "sha256:046e1132c71fcf3330438a539928932caf51ddbc582496833e23de611de14562"},
]

[package.extras]
dev = ["black", "mypy", "pytest"]

[[package]]
name = "ovld"
version = "0.3.2"
description = "Overloading Python functions"
optional = false
python-versions = ">=3.6,<4.0"
files = [
    {file = "ovld-0.3.2-py3-none-any.whl", hash = "sha256:3a5f08f66573198b490fc69dcf93a2ad9b4d90fd1fef885cf7a8dbe565f17837"},
    {file = "ovld-0.3.2.tar.gz", hash = "sha256:f8918636c240a2935175406801944d4314823710b3afbd5a8db3e79cd9391c42"},
]

[[package]]
name = "packaging"
version = "24.0"
description = "Core utilities for Python packages"
optional = false
python-versions = ">=3.7"
files = [
    {file = "packaging-24.0-py3-none-any.whl", hash = "sha256:2ddfb553fdf02fb784c234c7ba6ccc288296ceabec964ad2eae3777778130bc5"},
    {file = "packaging-24.0.tar.gz", hash = "sha256:eb82c5e3e56209074766e6885bb04b8c38a0c015d0a30036ebe7ece34c9989e9"},
]

[[package]]
name = "panda3d"
version = "1.10.14"
description = "Panda3D is a framework for 3D rendering and game development for Python and C++ programs."
optional = false
python-versions = "*"
files = [
    {file = "panda3d-1.10.14-cp27-cp27m-macosx_10_6_i386.whl", hash = "sha256:cf47bcbe5d6270107e80f5f18b88186cc40de83e4e90c86e7e516d2289a68dd1"},
    {file = "panda3d-1.10.14-cp27-cp27m-macosx_10_6_x86_64.whl", hash = "sha256:c371a3df183b2e382cb6dbf07efb744b05bdb0d89101457f350ea9a7a9a481f1"},
    {file = "panda3d-1.10.14-cp27-cp27m-macosx_10_9_x86_64.whl", hash = "sha256:ba49c6f213a5f0287e4cbdb66714cdf3b4aa5bdbe4e1a55034e74d0dda9f0250"},
    {file = "panda3d-1.10.14-cp27-cp27m-win32.whl", hash = "sha256:adb54216a9234f3736693d49032783d7fb8952a15510f1397f992a5c94cdf897"},
    {file = "panda3d-1.10.14-cp27-cp27m-win_amd64.whl", hash = "sha256:f94dd5f557166b6571969883bd2ffd3a555e8ac720f0f3e347d2081222bc0997"},
    {file = "panda3d-1.10.14-cp27-cp27mu-manylinux1_i686.whl", hash = "sha256:c98d2143755e52d4be3b474b932207c830e473aa0e10052831bc82784f1dd17c"},
    {file = "panda3d-1.10.14-cp27-cp27mu-manylinux1_x86_64.whl", hash = "sha256:b7f8c6524e1381bd28a15e5e2ed7aaba8ed3b6fa29d4ea5a4b215c4639b49438"},
    {file = "panda3d-1.10.14-cp310-cp310-macosx_10_9_x86_64.whl", hash = "sha256:b0e2aacb148b7033c08929bbf89bb497c2bed1811aa9f7e5efc167dbf57c90ae"},
    {file = "panda3d-1.10.14-cp310-cp310-macosx_11_0_universal2.whl", hash = "sha256:2c60139139654a51dab213ce1c9f67abd73153fc9e0a0514c0758741b2d2bd96"},
    {file = "panda3d-1.10.14-cp310-cp310-manylinux2010_i686.whl", hash = "sha256:f5da02fb5735294193eb1794ecbe619f20f87712f1b2c5d6e4d1a269f652ebeb"},
    {file = "panda3d-1.10.14-cp310-cp310-manylinux2010_x86_64.whl", hash = "sha256:d6a65b1930e144d5901cdd20d2779dc157897a730f0c9674692d61ad50e31213"},
    {file = "panda3d-1.10.14-cp310-cp310-manylinux2014_x86_64.whl", hash = "sha256:182a309537cd76c514b9f4d0dfd54bc9cb35d06a32234084bab6f3f0b0db3985"},
    {file = "panda3d-1.10.14-cp310-cp310-win32.whl", hash = "sha256:2a2b872a180ed84ff337147d6d46c14aceccbcfd1149135ba57e15136350d87f"},
    {file = "panda3d-1.10.14-cp310-cp310-win_amd64.whl", hash = "sha256:385d12a1f0924e91a39ebd6053104712a1acd91e089638d292b533e36f402c48"},
    {file = "panda3d-1.10.14-cp311-cp311-macosx_10_9_x86_64.whl", hash = "sha256:54b8ef9fe3684960a2c7d47b0d63c0354c17bc516795e59db6c1e5bda8c16c1c"},
    {file = "panda3d-1.10.14-cp311-cp311-macosx_11_0_universal2.whl", hash = "sha256:93414675894b18eea8d27edc1bbd1dc719eae207d45ec263d47195504bc4705f"},
    {file = "panda3d-1.10.14-cp311-cp311-manylinux2014_x86_64.whl", hash = "sha256:d1bc0d926f90c8fa14a1587fa9dbe5f89a4eda8c9684fa183a8eaa35fc8e891a"},
    {file = "panda3d-1.10.14-cp311-cp311-win32.whl", hash = "sha256:1039340a4a7965fe4c3e904edb4fff691584df435a154fecccf534587cd07a34"},
    {file = "panda3d-1.10.14-cp311-cp311-win_amd64.whl", hash = "sha256:1ddf01040b9c5497fb8659e3c5ef793a26c869cfdfb1b75e6d04d6fba0c03b73"},
    {file = "panda3d-1.10.14-cp312-cp312-macosx_10_9_x86_64.whl", hash = "sha256:1bfbcee77779f12ecce6a3d5a856e573b25d6343f8c4b107e814d9702e70a65d"},
    {file = "panda3d-1.10.14-cp312-cp312-macosx_11_0_universal2.whl", hash = "sha256:bc6540c5559d7e14a8992eff7de0157b7c42406b7ba221941ed224289496841c"},
    {file = "panda3d-1.10.14-cp312-cp312-manylinux2014_x86_64.whl", hash = "sha256:3c4399a286a142de7ff86f9356d7e526bbbd38892d7f7d39fecb5c33064972bc"},
    {file = "panda3d-1.10.14-cp312-cp312-win32.whl", hash = "sha256:e92e0dd907e2af33085a2c31ca2263dc8023b1b7bc70ce1b9fbc84631e130e51"},
    {file = "panda3d-1.10.14-cp312-cp312-win_amd64.whl", hash = "sha256:a5f2defd822d38848f8ae1956115adcb6cc7f464f03a67e73681cc72df125ef4"},
    {file = "panda3d-1.10.14-cp34-cp34m-macosx_10_6_i386.whl", hash = "sha256:84ca5855e03173f521a2b4edc84e62ad5ffb31e9454bd809efb8e71a5c32df4f"},
    {file = "panda3d-1.10.14-cp34-cp34m-macosx_10_6_x86_64.whl", hash = "sha256:9082e3d66a653589ffab7c5bd7a50eb46ab168104e08a86c77b58bbd77030d50"},
    {file = "panda3d-1.10.14-cp34-cp34m-manylinux1_i686.whl", hash = "sha256:f1a46ca8427ffb9267b3951af81f6774b7259b7e8f89210af6366b208e5762e6"},
    {file = "panda3d-1.10.14-cp34-cp34m-manylinux1_x86_64.whl", hash = "sha256:c23694788696d7bfe291ced98dd87e57532a23f821e71f7b2d0c2004a4648c8f"},
    {file = "panda3d-1.10.14-cp34-cp34m-win32.whl", hash = "sha256:f14455c459730f396e524d8b9e62875438481e1dc7dfd2083e9522a3bad45f28"},
    {file = "panda3d-1.10.14-cp34-cp34m-win_amd64.whl", hash = "sha256:110a33b20f15aa6333c8e72e30bcf0dc9afaef809a325d247bb7470de3942dae"},
    {file = "panda3d-1.10.14-cp35-cp35m-macosx_10_6_i386.whl", hash = "sha256:d91e37d43242d5132886c3850aa4a2f3ee7401de2360cb8313616b45ab78ecba"},
    {file = "panda3d-1.10.14-cp35-cp35m-macosx_10_6_x86_64.whl", hash = "sha256:f4bcf78223df3c13e9a627a25856c91bdbf28f75b021630e5ca37a961eeabb27"},
    {file = "panda3d-1.10.14-cp35-cp35m-macosx_10_9_x86_64.whl", hash = "sha256:e0a7a1d7cbe10474cad720898b384d642dcd3d7a07b3dbe09154107a5651be49"},
    {file = "panda3d-1.10.14-cp35-cp35m-manylinux1_i686.whl", hash = "sha256:78404da82a5d93641b0f2a89790cad235b087e7e2e37bbe83c995e99495635cd"},
    {file = "panda3d-1.10.14-cp35-cp35m-manylinux1_x86_64.whl", hash = "sha256:aa1381f4c06b789b8a725185773397b0c7a2508eeb8156874537c07171e5cb99"},
    {file = "panda3d-1.10.14-cp35-cp35m-win32.whl", hash = "sha256:8a497dd7401b50fa372664c724f1cb949b8d8bc3ed6d9b6433af19086bcf9325"},
    {file = "panda3d-1.10.14-cp35-cp35m-win_amd64.whl", hash = "sha256:293c5441e4f2720da480abdb3c99e55e96a7616d8867ac9c7b94526694a5812e"},
    {file = "panda3d-1.10.14-cp36-cp36m-macosx_10_6_i386.whl", hash = "sha256:15083e9c82d884c279bca897576ed91848323f951617f7bbb43d2dba32e6d662"},
    {file = "panda3d-1.10.14-cp36-cp36m-macosx_10_6_x86_64.whl", hash = "sha256:b8a20828a45a9215f7ecb59baec18a79adda56ad1b25eb99b9958d26d8ab2a40"},
    {file = "panda3d-1.10.14-cp36-cp36m-macosx_10_9_x86_64.whl", hash = "sha256:d4c555a5c47ffcaaed518c52b3bb9d5729a5dc4492f51e8a46b076ca54adcae0"},
    {file = "panda3d-1.10.14-cp36-cp36m-manylinux1_i686.whl", hash = "sha256:0c43a4dfd6b12323359439ea7c60e8fbf84ff0aa75abaccd5179cc6b27baa2b7"},
    {file = "panda3d-1.10.14-cp36-cp36m-manylinux1_x86_64.whl", hash = "sha256:06a4595f1737170d316829b451cbfb01a130918a04481b1f217212c485c64586"},
    {file = "panda3d-1.10.14-cp36-cp36m-manylinux2014_x86_64.whl", hash = "sha256:24d2a38f9068f868ac23101a8601d88f3c137ededed2be222d5e711a4b114467"},
    {file = "panda3d-1.10.14-cp36-cp36m-win32.whl", hash = "sha256:d7d722fb5a62531e62f6b98db2b3e399deddde945f84c954aefac73989c75e4c"},
    {file = "panda3d-1.10.14-cp36-cp36m-win_amd64.whl", hash = "sha256:7d17fe989aaed3f35a7992742a4c4536936fb0a70a87d4625b92f185f0318c45"},
    {file = "panda3d-1.10.14-cp37-cp37m-macosx_10_6_i386.whl", hash = "sha256:0ab75f828daef54678e9f2a15bccfe4e7b090991ee025689be324194266fd82e"},
    {file = "panda3d-1.10.14-cp37-cp37m-macosx_10_6_x86_64.whl", hash = "sha256:f04af7a7becaf30c0c256a0177a7493ab91247ea5a2798345b2df2ec71aeff23"},
    {file = "panda3d-1.10.14-cp37-cp37m-macosx_10_9_x86_64.whl", hash = "sha256:d41579867cb2998f4273bdece282c641dac6f40ca2e713dafa3fb9ce3ef12162"},
    {file = "panda3d-1.10.14-cp37-cp37m-manylinux1_i686.whl", hash = "sha256:4db1b920d501d3524e92467a21ecb08cc0063566a681991cc683f2070068f128"},
    {file = "panda3d-1.10.14-cp37-cp37m-manylinux1_x86_64.whl", hash = "sha256:db28161d1f40adf0b0998f7064ac784e49a2f2ec3bb04810c2757ba938c7d2cf"},
    {file = "panda3d-1.10.14-cp37-cp37m-manylinux2014_x86_64.whl", hash = "sha256:0cbdbc41229fa7d075925a716477e7a8d1a17a2523fc88e97fa010c4e0706442"},
    {file = "panda3d-1.10.14-cp37-cp37m-win32.whl", hash = "sha256:145cd28de41261e0ac2bc24323417f8b21623f48de0bb7a9e0d70ff386c34c84"},
    {file = "panda3d-1.10.14-cp37-cp37m-win_amd64.whl", hash = "sha256:fadb6eb4106dc3fecea81a1e81186b3cc3ee0019d0b5435273113a18aec2352c"},
    {file = "panda3d-1.10.14-cp38-cp38-macosx_10_9_x86_64.whl", hash = "sha256:a61c973d8d58305a502d05a82dc3ec6cf2b5e01ada7151a83415c51a959ff774"},
    {file = "panda3d-1.10.14-cp38-cp38-macosx_11_0_universal2.whl", hash = "sha256:3e82b2f904efb9f7f78dbf6d88bc5ebc83c5c0fbc9e477a8ef2b154bd7935591"},
    {file = "panda3d-1.10.14-cp38-cp38-manylinux1_i686.whl", hash = "sha256:96d1ce3483a51ec5aebc43f3e30e552deacb660606d2b36e86ed3a9756e3eccf"},
    {file = "panda3d-1.10.14-cp38-cp38-manylinux1_x86_64.whl", hash = "sha256:b658d75a5342ff175703ce780e8b383da438ff68ea941d0e5dff68c5189d38ec"},
    {file = "panda3d-1.10.14-cp38-cp38-manylinux2014_x86_64.whl", hash = "sha256:3e564c44d879b01d01a7fcdc03977affcf3b1dabcf2d6e5c678e06b9de8855ac"},
    {file = "panda3d-1.10.14-cp38-cp38-win32.whl", hash = "sha256:06007592951730b52852771e98b306b3c1de9dc51abf0bab183c3ec3ac404131"},
    {file = "panda3d-1.10.14-cp38-cp38-win_amd64.whl", hash = "sha256:b05713b5acfcfcbf1dc87c19b1d5babf926d21f83b3772180e7a5de83f45b454"},
    {file = "panda3d-1.10.14-cp39-cp39-macosx_10_9_x86_64.whl", hash = "sha256:d55c7d52bd07e54a16219bb88a7cf34a5b9e7c720dce585e9de8427cc54d9dd2"},
    {file = "panda3d-1.10.14-cp39-cp39-macosx_11_0_universal2.whl", hash = "sha256:39abf9330ebcfcff07c29ebcf397cf43c2e5be6c148cf45a0a025d3297c43289"},
    {file = "panda3d-1.10.14-cp39-cp39-manylinux1_i686.whl", hash = "sha256:0f69c7232713f50a552b00ada4cbb03780bb97ec1ddb640e5162df61d1b26a2b"},
    {file = "panda3d-1.10.14-cp39-cp39-manylinux1_x86_64.whl", hash = "sha256:9dda6736e8c180fa9caab70aa9461d7042b74764f73e4d2c59fe560751989341"},
    {file = "panda3d-1.10.14-cp39-cp39-manylinux2014_x86_64.whl", hash = "sha256:a91ab520fa8bd206460f0b7acfa6329440d72669048bac3eab4bb4d8dcd09991"},
    {file = "panda3d-1.10.14-cp39-cp39-win32.whl", hash = "sha256:2de074b0a3e0f243e4c1fba0376a26489d585cc71fd79986de274e282e3913d8"},
    {file = "panda3d-1.10.14-cp39-cp39-win_amd64.whl", hash = "sha256:356c55c25c2227bb2cf20a9613410c470f4e9de887543ec8b3765c848af4bff0"},
]

[[package]]
name = "pathvalidate"
version = "3.2.0"
description = "pathvalidate is a Python library to sanitize/validate a string such as filenames/file-paths/etc."
optional = false
python-versions = ">=3.7"
files = [
    {file = "pathvalidate-3.2.0-py3-none-any.whl", hash = "sha256:cc593caa6299b22b37f228148257997e2fa850eea2daf7e4cc9205cef6908dee"},
    {file = "pathvalidate-3.2.0.tar.gz", hash = "sha256:5e8378cf6712bff67fbe7a8307d99fa8c1a0cb28aa477056f8fc374f0dff24ad"},
]

[package.extras]
docs = ["Sphinx (>=2.4)", "sphinx-rtd-theme (>=1.2.2)", "urllib3 (<2)"]
test = ["Faker (>=1.0.8)", "allpairspy (>=2)", "click (>=6.2)", "pytest (>=6.0.1)", "pytest-discord (>=0.1.4)", "pytest-md-report (>=0.4.1)"]

[[package]]
name = "pillow"
version = "10.3.0"
description = "Python Imaging Library (Fork)"
optional = false
python-versions = ">=3.8"
files = [
    {file = "pillow-10.3.0-cp310-cp310-macosx_10_10_x86_64.whl", hash = "sha256:90b9e29824800e90c84e4022dd5cc16eb2d9605ee13f05d47641eb183cd73d45"},
    {file = "pillow-10.3.0-cp310-cp310-macosx_11_0_arm64.whl", hash = "sha256:a2c405445c79c3f5a124573a051062300936b0281fee57637e706453e452746c"},
    {file = "pillow-10.3.0-cp310-cp310-manylinux_2_17_aarch64.manylinux2014_aarch64.whl", hash = "sha256:78618cdbccaa74d3f88d0ad6cb8ac3007f1a6fa5c6f19af64b55ca170bfa1edf"},
    {file = "pillow-10.3.0-cp310-cp310-manylinux_2_17_x86_64.manylinux2014_x86_64.whl", hash = "sha256:261ddb7ca91fcf71757979534fb4c128448b5b4c55cb6152d280312062f69599"},
    {file = "pillow-10.3.0-cp310-cp310-manylinux_2_28_aarch64.whl", hash = "sha256:ce49c67f4ea0609933d01c0731b34b8695a7a748d6c8d186f95e7d085d2fe475"},
    {file = "pillow-10.3.0-cp310-cp310-manylinux_2_28_x86_64.whl", hash = "sha256:b14f16f94cbc61215115b9b1236f9c18403c15dd3c52cf629072afa9d54c1cbf"},
    {file = "pillow-10.3.0-cp310-cp310-musllinux_1_1_aarch64.whl", hash = "sha256:d33891be6df59d93df4d846640f0e46f1a807339f09e79a8040bc887bdcd7ed3"},
    {file = "pillow-10.3.0-cp310-cp310-musllinux_1_1_x86_64.whl", hash = "sha256:b50811d664d392f02f7761621303eba9d1b056fb1868c8cdf4231279645c25f5"},
    {file = "pillow-10.3.0-cp310-cp310-win32.whl", hash = "sha256:ca2870d5d10d8726a27396d3ca4cf7976cec0f3cb706debe88e3a5bd4610f7d2"},
    {file = "pillow-10.3.0-cp310-cp310-win_amd64.whl", hash = "sha256:f0d0591a0aeaefdaf9a5e545e7485f89910c977087e7de2b6c388aec32011e9f"},
    {file = "pillow-10.3.0-cp310-cp310-win_arm64.whl", hash = "sha256:ccce24b7ad89adb5a1e34a6ba96ac2530046763912806ad4c247356a8f33a67b"},
    {file = "pillow-10.3.0-cp311-cp311-macosx_10_10_x86_64.whl", hash = "sha256:5f77cf66e96ae734717d341c145c5949c63180842a545c47a0ce7ae52ca83795"},
    {file = "pillow-10.3.0-cp311-cp311-macosx_11_0_arm64.whl", hash = "sha256:e4b878386c4bf293578b48fc570b84ecfe477d3b77ba39a6e87150af77f40c57"},
    {file = "pillow-10.3.0-cp311-cp311-manylinux_2_17_aarch64.manylinux2014_aarch64.whl", hash = "sha256:fdcbb4068117dfd9ce0138d068ac512843c52295ed996ae6dd1faf537b6dbc27"},
    {file = "pillow-10.3.0-cp311-cp311-manylinux_2_17_x86_64.manylinux2014_x86_64.whl", hash = "sha256:9797a6c8fe16f25749b371c02e2ade0efb51155e767a971c61734b1bf6293994"},
    {file = "pillow-10.3.0-cp311-cp311-manylinux_2_28_aarch64.whl", hash = "sha256:9e91179a242bbc99be65e139e30690e081fe6cb91a8e77faf4c409653de39451"},
    {file = "pillow-10.3.0-cp311-cp311-manylinux_2_28_x86_64.whl", hash = "sha256:1b87bd9d81d179bd8ab871603bd80d8645729939f90b71e62914e816a76fc6bd"},
    {file = "pillow-10.3.0-cp311-cp311-musllinux_1_1_aarch64.whl", hash = "sha256:81d09caa7b27ef4e61cb7d8fbf1714f5aec1c6b6c5270ee53504981e6e9121ad"},
    {file = "pillow-10.3.0-cp311-cp311-musllinux_1_1_x86_64.whl", hash = "sha256:048ad577748b9fa4a99a0548c64f2cb8d672d5bf2e643a739ac8faff1164238c"},
    {file = "pillow-10.3.0-cp311-cp311-win32.whl", hash = "sha256:7161ec49ef0800947dc5570f86568a7bb36fa97dd09e9827dc02b718c5643f09"},
    {file = "pillow-10.3.0-cp311-cp311-win_amd64.whl", hash = "sha256:8eb0908e954d093b02a543dc963984d6e99ad2b5e36503d8a0aaf040505f747d"},
    {file = "pillow-10.3.0-cp311-cp311-win_arm64.whl", hash = "sha256:4e6f7d1c414191c1199f8996d3f2282b9ebea0945693fb67392c75a3a320941f"},
    {file = "pillow-10.3.0-cp312-cp312-macosx_10_10_x86_64.whl", hash = "sha256:e46f38133e5a060d46bd630faa4d9fa0202377495df1f068a8299fd78c84de84"},
    {file = "pillow-10.3.0-cp312-cp312-macosx_11_0_arm64.whl", hash = "sha256:50b8eae8f7334ec826d6eeffaeeb00e36b5e24aa0b9df322c247539714c6df19"},
    {file = "pillow-10.3.0-cp312-cp312-manylinux_2_17_aarch64.manylinux2014_aarch64.whl", hash = "sha256:9d3bea1c75f8c53ee4d505c3e67d8c158ad4df0d83170605b50b64025917f338"},
    {file = "pillow-10.3.0-cp312-cp312-manylinux_2_17_x86_64.manylinux2014_x86_64.whl", hash = "sha256:19aeb96d43902f0a783946a0a87dbdad5c84c936025b8419da0a0cd7724356b1"},
    {file = "pillow-10.3.0-cp312-cp312-manylinux_2_28_aarch64.whl", hash = "sha256:74d28c17412d9caa1066f7a31df8403ec23d5268ba46cd0ad2c50fb82ae40462"},
    {file = "pillow-10.3.0-cp312-cp312-manylinux_2_28_x86_64.whl", hash = "sha256:ff61bfd9253c3915e6d41c651d5f962da23eda633cf02262990094a18a55371a"},
    {file = "pillow-10.3.0-cp312-cp312-musllinux_1_1_aarch64.whl", hash = "sha256:d886f5d353333b4771d21267c7ecc75b710f1a73d72d03ca06df49b09015a9ef"},
    {file = "pillow-10.3.0-cp312-cp312-musllinux_1_1_x86_64.whl", hash = "sha256:4b5ec25d8b17217d635f8935dbc1b9aa5907962fae29dff220f2659487891cd3"},
    {file = "pillow-10.3.0-cp312-cp312-win32.whl", hash = "sha256:51243f1ed5161b9945011a7360e997729776f6e5d7005ba0c6879267d4c5139d"},
    {file = "pillow-10.3.0-cp312-cp312-win_amd64.whl", hash = "sha256:412444afb8c4c7a6cc11a47dade32982439925537e483be7c0ae0cf96c4f6a0b"},
    {file = "pillow-10.3.0-cp312-cp312-win_arm64.whl", hash = "sha256:798232c92e7665fe82ac085f9d8e8ca98826f8e27859d9a96b41d519ecd2e49a"},
    {file = "pillow-10.3.0-cp38-cp38-macosx_10_10_x86_64.whl", hash = "sha256:4eaa22f0d22b1a7e93ff0a596d57fdede2e550aecffb5a1ef1106aaece48e96b"},
    {file = "pillow-10.3.0-cp38-cp38-macosx_11_0_arm64.whl", hash = "sha256:cd5e14fbf22a87321b24c88669aad3a51ec052eb145315b3da3b7e3cc105b9a2"},
    {file = "pillow-10.3.0-cp38-cp38-manylinux_2_17_aarch64.manylinux2014_aarch64.whl", hash = "sha256:1530e8f3a4b965eb6a7785cf17a426c779333eb62c9a7d1bbcf3ffd5bf77a4aa"},
    {file = "pillow-10.3.0-cp38-cp38-manylinux_2_17_x86_64.manylinux2014_x86_64.whl", hash = "sha256:5d512aafa1d32efa014fa041d38868fda85028e3f930a96f85d49c7d8ddc0383"},
    {file = "pillow-10.3.0-cp38-cp38-manylinux_2_28_aarch64.whl", hash = "sha256:339894035d0ede518b16073bdc2feef4c991ee991a29774b33e515f1d308e08d"},
    {file = "pillow-10.3.0-cp38-cp38-manylinux_2_28_x86_64.whl", hash = "sha256:aa7e402ce11f0885305bfb6afb3434b3cd8f53b563ac065452d9d5654c7b86fd"},
    {file = "pillow-10.3.0-cp38-cp38-musllinux_1_1_aarch64.whl", hash = "sha256:0ea2a783a2bdf2a561808fe4a7a12e9aa3799b701ba305de596bc48b8bdfce9d"},
    {file = "pillow-10.3.0-cp38-cp38-musllinux_1_1_x86_64.whl", hash = "sha256:c78e1b00a87ce43bb37642c0812315b411e856a905d58d597750eb79802aaaa3"},
    {file = "pillow-10.3.0-cp38-cp38-win32.whl", hash = "sha256:72d622d262e463dfb7595202d229f5f3ab4b852289a1cd09650362db23b9eb0b"},
    {file = "pillow-10.3.0-cp38-cp38-win_amd64.whl", hash = "sha256:2034f6759a722da3a3dbd91a81148cf884e91d1b747992ca288ab88c1de15999"},
    {file = "pillow-10.3.0-cp39-cp39-macosx_10_10_x86_64.whl", hash = "sha256:2ed854e716a89b1afcedea551cd85f2eb2a807613752ab997b9974aaa0d56936"},
    {file = "pillow-10.3.0-cp39-cp39-macosx_11_0_arm64.whl", hash = "sha256:dc1a390a82755a8c26c9964d457d4c9cbec5405896cba94cf51f36ea0d855002"},
    {file = "pillow-10.3.0-cp39-cp39-manylinux_2_17_aarch64.manylinux2014_aarch64.whl", hash = "sha256:4203efca580f0dd6f882ca211f923168548f7ba334c189e9eab1178ab840bf60"},
    {file = "pillow-10.3.0-cp39-cp39-manylinux_2_17_x86_64.manylinux2014_x86_64.whl", hash = "sha256:3102045a10945173d38336f6e71a8dc71bcaeed55c3123ad4af82c52807b9375"},
    {file = "pillow-10.3.0-cp39-cp39-manylinux_2_28_aarch64.whl", hash = "sha256:6fb1b30043271ec92dc65f6d9f0b7a830c210b8a96423074b15c7bc999975f57"},
    {file = "pillow-10.3.0-cp39-cp39-manylinux_2_28_x86_64.whl", hash = "sha256:1dfc94946bc60ea375cc39cff0b8da6c7e5f8fcdc1d946beb8da5c216156ddd8"},
    {file = "pillow-10.3.0-cp39-cp39-musllinux_1_1_aarch64.whl", hash = "sha256:b09b86b27a064c9624d0a6c54da01c1beaf5b6cadfa609cf63789b1d08a797b9"},
    {file = "pillow-10.3.0-cp39-cp39-musllinux_1_1_x86_64.whl", hash = "sha256:d3b2348a78bc939b4fed6552abfd2e7988e0f81443ef3911a4b8498ca084f6eb"},
    {file = "pillow-10.3.0-cp39-cp39-win32.whl", hash = "sha256:45ebc7b45406febf07fef35d856f0293a92e7417ae7933207e90bf9090b70572"},
    {file = "pillow-10.3.0-cp39-cp39-win_amd64.whl", hash = "sha256:0ba26351b137ca4e0db0342d5d00d2e355eb29372c05afd544ebf47c0956ffeb"},
    {file = "pillow-10.3.0-cp39-cp39-win_arm64.whl", hash = "sha256:50fd3f6b26e3441ae07b7c979309638b72abc1a25da31a81a7fbd9495713ef4f"},
    {file = "pillow-10.3.0-pp310-pypy310_pp73-macosx_10_10_x86_64.whl", hash = "sha256:6b02471b72526ab8a18c39cb7967b72d194ec53c1fd0a70b050565a0f366d355"},
    {file = "pillow-10.3.0-pp310-pypy310_pp73-macosx_11_0_arm64.whl", hash = "sha256:8ab74c06ffdab957d7670c2a5a6e1a70181cd10b727cd788c4dd9005b6a8acd9"},
    {file = "pillow-10.3.0-pp310-pypy310_pp73-manylinux_2_17_aarch64.manylinux2014_aarch64.whl", hash = "sha256:048eeade4c33fdf7e08da40ef402e748df113fd0b4584e32c4af74fe78baaeb2"},
    {file = "pillow-10.3.0-pp310-pypy310_pp73-manylinux_2_17_x86_64.manylinux2014_x86_64.whl", hash = "sha256:9e2ec1e921fd07c7cda7962bad283acc2f2a9ccc1b971ee4b216b75fad6f0463"},
    {file = "pillow-10.3.0-pp310-pypy310_pp73-manylinux_2_28_aarch64.whl", hash = "sha256:4c8e73e99da7db1b4cad7f8d682cf6abad7844da39834c288fbfa394a47bbced"},
    {file = "pillow-10.3.0-pp310-pypy310_pp73-manylinux_2_28_x86_64.whl", hash = "sha256:16563993329b79513f59142a6b02055e10514c1a8e86dca8b48a893e33cf91e3"},
    {file = "pillow-10.3.0-pp310-pypy310_pp73-win_amd64.whl", hash = "sha256:dd78700f5788ae180b5ee8902c6aea5a5726bac7c364b202b4b3e3ba2d293170"},
    {file = "pillow-10.3.0-pp39-pypy39_pp73-macosx_10_10_x86_64.whl", hash = "sha256:aff76a55a8aa8364d25400a210a65ff59d0168e0b4285ba6bf2bd83cf675ba32"},
    {file = "pillow-10.3.0-pp39-pypy39_pp73-macosx_11_0_arm64.whl", hash = "sha256:b7bc2176354defba3edc2b9a777744462da2f8e921fbaf61e52acb95bafa9828"},
    {file = "pillow-10.3.0-pp39-pypy39_pp73-manylinux_2_17_aarch64.manylinux2014_aarch64.whl", hash = "sha256:793b4e24db2e8742ca6423d3fde8396db336698c55cd34b660663ee9e45ed37f"},
    {file = "pillow-10.3.0-pp39-pypy39_pp73-manylinux_2_17_x86_64.manylinux2014_x86_64.whl", hash = "sha256:d93480005693d247f8346bc8ee28c72a2191bdf1f6b5db469c096c0c867ac015"},
    {file = "pillow-10.3.0-pp39-pypy39_pp73-manylinux_2_28_aarch64.whl", hash = "sha256:c83341b89884e2b2e55886e8fbbf37c3fa5efd6c8907124aeb72f285ae5696e5"},
    {file = "pillow-10.3.0-pp39-pypy39_pp73-manylinux_2_28_x86_64.whl", hash = "sha256:1a1d1915db1a4fdb2754b9de292642a39a7fb28f1736699527bb649484fb966a"},
    {file = "pillow-10.3.0-pp39-pypy39_pp73-win_amd64.whl", hash = "sha256:a0eaa93d054751ee9964afa21c06247779b90440ca41d184aeb5d410f20ff591"},
    {file = "pillow-10.3.0.tar.gz", hash = "sha256:9d2455fbf44c914840c793e89aa82d0e1763a14253a000743719ae5946814b2d"},
]

[package.extras]
docs = ["furo", "olefile", "sphinx (>=2.4)", "sphinx-copybutton", "sphinx-inline-tabs", "sphinx-removed-in", "sphinxext-opengraph"]
fpx = ["olefile"]
mic = ["olefile"]
tests = ["check-manifest", "coverage", "defusedxml", "markdown2", "olefile", "packaging", "pyroma", "pytest", "pytest-cov", "pytest-timeout"]
typing = ["typing-extensions"]
xmp = ["defusedxml"]

[[package]]
name = "pluggy"
version = "1.4.0"
description = "plugin and hook calling mechanisms for python"
optional = false
python-versions = ">=3.8"
files = [
    {file = "pluggy-1.4.0-py3-none-any.whl", hash = "sha256:7db9f7b503d67d1c5b95f59773ebb58a8c1c288129a88665838012cfb07b8981"},
    {file = "pluggy-1.4.0.tar.gz", hash = "sha256:8c85c2876142a764e5b7548e7d9a0e0ddb46f5185161049a79b7e974454223be"},
]

[package.extras]
dev = ["pre-commit", "tox"]
testing = ["pytest", "pytest-benchmark"]

[[package]]
name = "pytest"
version = "7.4.4"
description = "pytest: simple powerful testing with Python"
optional = false
python-versions = ">=3.7"
files = [
    {file = "pytest-7.4.4-py3-none-any.whl", hash = "sha256:b090cdf5ed60bf4c45261be03239c2c1c22df034fbffe691abe93cd80cea01d8"},
    {file = "pytest-7.4.4.tar.gz", hash = "sha256:2cf0005922c6ace4a3e2ec8b4080eb0d9753fdc93107415332f50ce9e7994280"},
]

[package.dependencies]
colorama = {version = "*", markers = "sys_platform == \"win32\""}
exceptiongroup = {version = ">=1.0.0rc8", markers = "python_version < \"3.11\""}
iniconfig = "*"
packaging = "*"
pluggy = ">=0.12,<2.0"
tomli = {version = ">=1.0.0", markers = "python_version < \"3.11\""}

[package.extras]
testing = ["argcomplete", "attrs (>=19.2.0)", "hypothesis (>=3.56)", "mock", "nose", "pygments (>=2.7.2)", "requests", "setuptools", "xmlschema"]

[[package]]
name = "six"
version = "1.16.0"
description = "Python 2 and 3 compatibility utilities"
optional = false
python-versions = ">=2.7, !=3.0.*, !=3.1.*, !=3.2.*"
files = [
    {file = "six-1.16.0-py2.py3-none-any.whl", hash = "sha256:8abb2f1d86890a2dfb989f9a77cfcfd3e47c2a354b01111771326f8aa26e0254"},
    {file = "six-1.16.0.tar.gz", hash = "sha256:1e61c37477a1626458e36f7b1d82aa5c9b094fa4802892072e49de9c60c4c926"},
]

[[package]]
name = "strenum"
version = "0.4.15"
description = "An Enum that inherits from str."
optional = false
python-versions = "*"
files = [
    {file = "StrEnum-0.4.15-py3-none-any.whl", hash = "sha256:a30cda4af7cc6b5bf52c8055bc4bf4b2b6b14a93b574626da33df53cf7740659"},
    {file = "StrEnum-0.4.15.tar.gz", hash = "sha256:878fb5ab705442070e4dd1929bb5e2249511c0bcf2b0eeacf3bcd80875c82eff"},
]

[package.extras]
docs = ["myst-parser[linkify]", "sphinx", "sphinx-rtd-theme"]
release = ["twine"]
test = ["pylint", "pytest", "pytest-black", "pytest-cov", "pytest-pylint"]

[[package]]
name = "tomli"
version = "2.0.1"
description = "A lil' TOML parser"
optional = false
python-versions = ">=3.7"
files = [
    {file = "tomli-2.0.1-py3-none-any.whl", hash = "sha256:939de3e7a6161af0c887ef91b7d41a53e7c5a1ca976325f429cb46ea9bc30ecc"},
    {file = "tomli-2.0.1.tar.gz", hash = "sha256:de526c12914f0c550d15924c62d72abc48d6fe7364aa87328337a31007fe8a4f"},
]

[[package]]
name = "typing-extensions"
version = "4.10.0"
description = "Backported and Experimental Type Hints for Python 3.8+"
optional = false
python-versions = ">=3.8"
files = [
    {file = "typing_extensions-4.10.0-py3-none-any.whl", hash = "sha256:69b1a937c3a517342112fb4c6df7e72fc39a38e7891a5730ed4985b5214b5475"},
    {file = "typing_extensions-4.10.0.tar.gz", hash = "sha256:b0abd7c89e8fb96f98db18d86106ff1d90ab692004eb746cf6eda2682f91b3cb"},
]

[[package]]
name = "watchdog"
version = "4.0.0"
description = "Filesystem events monitoring"
optional = false
python-versions = ">=3.8"
files = [
    {file = "watchdog-4.0.0-cp310-cp310-macosx_10_9_universal2.whl", hash = "sha256:39cb34b1f1afbf23e9562501673e7146777efe95da24fab5707b88f7fb11649b"},
    {file = "watchdog-4.0.0-cp310-cp310-macosx_10_9_x86_64.whl", hash = "sha256:c522392acc5e962bcac3b22b9592493ffd06d1fc5d755954e6be9f4990de932b"},
    {file = "watchdog-4.0.0-cp310-cp310-macosx_11_0_arm64.whl", hash = "sha256:6c47bdd680009b11c9ac382163e05ca43baf4127954c5f6d0250e7d772d2b80c"},
    {file = "watchdog-4.0.0-cp311-cp311-macosx_10_9_universal2.whl", hash = "sha256:8350d4055505412a426b6ad8c521bc7d367d1637a762c70fdd93a3a0d595990b"},
    {file = "watchdog-4.0.0-cp311-cp311-macosx_10_9_x86_64.whl", hash = "sha256:c17d98799f32e3f55f181f19dd2021d762eb38fdd381b4a748b9f5a36738e935"},
    {file = "watchdog-4.0.0-cp311-cp311-macosx_11_0_arm64.whl", hash = "sha256:4986db5e8880b0e6b7cd52ba36255d4793bf5cdc95bd6264806c233173b1ec0b"},
    {file = "watchdog-4.0.0-cp312-cp312-macosx_10_9_universal2.whl", hash = "sha256:11e12fafb13372e18ca1bbf12d50f593e7280646687463dd47730fd4f4d5d257"},
    {file = "watchdog-4.0.0-cp312-cp312-macosx_10_9_x86_64.whl", hash = "sha256:5369136a6474678e02426bd984466343924d1df8e2fd94a9b443cb7e3aa20d19"},
    {file = "watchdog-4.0.0-cp312-cp312-macosx_11_0_arm64.whl", hash = "sha256:76ad8484379695f3fe46228962017a7e1337e9acadafed67eb20aabb175df98b"},
    {file = "watchdog-4.0.0-cp38-cp38-macosx_10_9_universal2.whl", hash = "sha256:45cc09cc4c3b43fb10b59ef4d07318d9a3ecdbff03abd2e36e77b6dd9f9a5c85"},
    {file = "watchdog-4.0.0-cp38-cp38-macosx_10_9_x86_64.whl", hash = "sha256:eed82cdf79cd7f0232e2fdc1ad05b06a5e102a43e331f7d041e5f0e0a34a51c4"},
    {file = "watchdog-4.0.0-cp38-cp38-macosx_11_0_arm64.whl", hash = "sha256:ba30a896166f0fee83183cec913298151b73164160d965af2e93a20bbd2ab605"},
    {file = "watchdog-4.0.0-cp39-cp39-macosx_10_9_universal2.whl", hash = "sha256:d18d7f18a47de6863cd480734613502904611730f8def45fc52a5d97503e5101"},
    {file = "watchdog-4.0.0-cp39-cp39-macosx_10_9_x86_64.whl", hash = "sha256:2895bf0518361a9728773083908801a376743bcc37dfa252b801af8fd281b1ca"},
    {file = "watchdog-4.0.0-cp39-cp39-macosx_11_0_arm64.whl", hash = "sha256:87e9df830022488e235dd601478c15ad73a0389628588ba0b028cb74eb72fed8"},
    {file = "watchdog-4.0.0-pp310-pypy310_pp73-macosx_10_9_x86_64.whl", hash = "sha256:6e949a8a94186bced05b6508faa61b7adacc911115664ccb1923b9ad1f1ccf7b"},
    {file = "watchdog-4.0.0-pp38-pypy38_pp73-macosx_10_9_x86_64.whl", hash = "sha256:6a4db54edea37d1058b08947c789a2354ee02972ed5d1e0dca9b0b820f4c7f92"},
    {file = "watchdog-4.0.0-pp39-pypy39_pp73-macosx_10_9_x86_64.whl", hash = "sha256:d31481ccf4694a8416b681544c23bd271f5a123162ab603c7d7d2dd7dd901a07"},
    {file = "watchdog-4.0.0-py3-none-manylinux2014_aarch64.whl", hash = "sha256:8fec441f5adcf81dd240a5fe78e3d83767999771630b5ddfc5867827a34fa3d3"},
    {file = "watchdog-4.0.0-py3-none-manylinux2014_armv7l.whl", hash = "sha256:6a9c71a0b02985b4b0b6d14b875a6c86ddea2fdbebd0c9a720a806a8bbffc69f"},
    {file = "watchdog-4.0.0-py3-none-manylinux2014_i686.whl", hash = "sha256:557ba04c816d23ce98a06e70af6abaa0485f6d94994ec78a42b05d1c03dcbd50"},
    {file = "watchdog-4.0.0-py3-none-manylinux2014_ppc64.whl", hash = "sha256:d0f9bd1fd919134d459d8abf954f63886745f4660ef66480b9d753a7c9d40927"},
    {file = "watchdog-4.0.0-py3-none-manylinux2014_ppc64le.whl", hash = "sha256:f9b2fdca47dc855516b2d66eef3c39f2672cbf7e7a42e7e67ad2cbfcd6ba107d"},
    {file = "watchdog-4.0.0-py3-none-manylinux2014_s390x.whl", hash = "sha256:73c7a935e62033bd5e8f0da33a4dcb763da2361921a69a5a95aaf6c93aa03a87"},
    {file = "watchdog-4.0.0-py3-none-manylinux2014_x86_64.whl", hash = "sha256:6a80d5cae8c265842c7419c560b9961561556c4361b297b4c431903f8c33b269"},
    {file = "watchdog-4.0.0-py3-none-win32.whl", hash = "sha256:8f9a542c979df62098ae9c58b19e03ad3df1c9d8c6895d96c0d51da17b243b1c"},
    {file = "watchdog-4.0.0-py3-none-win_amd64.whl", hash = "sha256:f970663fa4f7e80401a7b0cbeec00fa801bf0287d93d48368fc3e6fa32716245"},
    {file = "watchdog-4.0.0-py3-none-win_ia64.whl", hash = "sha256:9a03e16e55465177d416699331b0f3564138f1807ecc5f2de9d55d8f188d08c7"},
    {file = "watchdog-4.0.0.tar.gz", hash = "sha256:e3e7065cbdabe6183ab82199d7a4f6b3ba0a438c5a512a68559846ccb76a78ec"},
]

[package.extras]
watchmedo = ["PyYAML (>=3.10)"]

[[package]]
name = "wcwidth"
version = "0.2.13"
description = "Measures the displayed width of unicode strings in a terminal"
optional = false
python-versions = "*"
files = [
    {file = "wcwidth-0.2.13-py2.py3-none-any.whl", hash = "sha256:3da69048e4540d84af32131829ff948f1e022c1c6bdb8d6102117aac784f6859"},
    {file = "wcwidth-0.2.13.tar.gz", hash = "sha256:72ea0c06399eb286d978fdedb6923a9eb47e1c486ce63e9b4e64fc18303972b5"},
]

[metadata]
lock-version = "2.0"
python-versions = ">=3.8,<4.0"
content-hash = "874a6b5a41d38d7dcea9d9400608fc8e35c998608286bc2e9f57f5c44dea381b"
